
Microsoft Visual Studio Solution File, Format Version 12.00
# Visual Studio 2012
Project("{FAE04EC0-301F-11D3-BF4B-00C04F79EFBC}") = "ATMAPPWeb", "BLDLTemplate\ATMAPPWeb.csproj", "{8925DF4A-2815-41DC-80B5-D9811FB5C7EB}"
EndProject
Project("{FAE04EC0-301F-11D3-BF4B-00C04F79EFBC}") = "BusinessLayer", "BusinessLayer\BusinessLayer.csproj", "{B3C5D172-7F4A-46BA-B12B-67D38A175E10}"
EndProject
Project("{FAE04EC0-301F-11D3-BF4B-00C04F79EFBC}") = "DataLayer", "DataLayer\DataLayer.csproj", "{0AED9F04-0508-4817-9529-2BBDA93C2CD7}"
EndProject
Project("{FAE04EC0-301F-11D3-BF4B-00C04F79EFBC}") = "ATMApp", "ATMApp\ATMApp.csproj", "{40167278-2A00-468C-BBF8-FE67ECCD376A}"
	ProjectSection(ProjectDependencies) = postProject
		{8925DF4A-2815-41DC-80B5-D9811FB5C7EB} = {8925DF4A-2815-41DC-80B5-D9811FB5C7EB}
	EndProjectSection
EndProject
Global
	GlobalSection(SolutionConfigurationPlatforms) = preSolution
		Debug|Any CPU = Debug|Any CPU
		Debug|Mixed Platforms = Debug|Mixed Platforms
		Debug|x86 = Debug|x86
		Release|Any CPU = Release|Any CPU
		Release|Mixed Platforms = Release|Mixed Platforms
		Release|x86 = Release|x86
	EndGlobalSection
	GlobalSection(ProjectConfigurationPlatforms) = postSolution
		{8925DF4A-2815-41DC-80B5-D9811FB5C7EB}.Debug|Any CPU.ActiveCfg = Debug|Any CPU
		{8925DF4A-2815-41DC-80B5-D9811FB5C7EB}.Debug|Any CPU.Build.0 = Debug|Any CPU
		{8925DF4A-2815-41DC-80B5-D9811FB5C7EB}.Debug|Mixed Platforms.ActiveCfg = Debug|Any CPU
		{8925DF4A-2815-41DC-80B5-D9811FB5C7EB}.Debug|Mixed Platforms.Build.0 = Debug|Any CPU
		{8925DF4A-2815-41DC-80B5-D9811FB5C7EB}.Debug|x86.ActiveCfg = Debug|Any CPU
		{8925DF4A-2815-41DC-80B5-D9811FB5C7EB}.Release|Any CPU.ActiveCfg = Release|Any CPU
		{8925DF4A-2815-41DC-80B5-D9811FB5C7EB}.Release|Any CPU.Build.0 = Release|Any CPU
		{8925DF4A-2815-41DC-80B5-D9811FB5C7EB}.Release|Mixed Platforms.ActiveCfg = Release|Any CPU
		{8925DF4A-2815-41DC-80B5-D9811FB5C7EB}.Release|Mixed Platforms.Build.0 = Release|Any CPU
		{8925DF4A-2815-41DC-80B5-D9811FB5C7EB}.Release|x86.ActiveCfg = Release|Any CPU
		{B3C5D172-7F4A-46BA-B12B-67D38A175E10}.Debug|Any CPU.ActiveCfg = Debug|Any CPU
		{B3C5D172-7F4A-46BA-B12B-67D38A175E10}.Debug|Any CPU.Build.0 = Debug|Any CPU
		{B3C5D172-7F4A-46BA-B12B-67D38A175E10}.Debug|Mixed Platforms.ActiveCfg = Debug|Any CPU
		{B3C5D172-7F4A-46BA-B12B-67D38A175E10}.Debug|Mixed Platforms.Build.0 = Debug|Any CPU
		{B3C5D172-7F4A-46BA-B12B-67D38A175E10}.Debug|x86.ActiveCfg = Debug|Any CPU
		{B3C5D172-7F4A-46BA-B12B-67D38A175E10}.Release|Any CPU.ActiveCfg = Release|Any CPU
		{B3C5D172-7F4A-46BA-B12B-67D38A175E10}.Release|Any CPU.Build.0 = Release|Any CPU
		{B3C5D172-7F4A-46BA-B12B-67D38A175E10}.Release|Mixed Platforms.ActiveCfg = Release|Any CPU
		{B3C5D172-7F4A-46BA-B12B-67D38A175E10}.Release|Mixed Platforms.Build.0 = Release|Any CPU
		{B3C5D172-7F4A-46BA-B12B-67D38A175E10}.Release|x86.ActiveCfg = Release|Any CPU
		{0AED9F04-0508-4817-9529-2BBDA93C2CD7}.Debug|Any CPU.ActiveCfg = Debug|Any CPU
		{0AED9F04-0508-4817-9529-2BBDA93C2CD7}.Debug|Any CPU.Build.0 = Debug|Any CPU
		{0AED9F04-0508-4817-9529-2BBDA93C2CD7}.Debug|Mixed Platforms.ActiveCfg = Debug|Any CPU
		{0AED9F04-0508-4817-9529-2BBDA93C2CD7}.Debug|Mixed Platforms.Build.0 = Debug|Any CPU
		{0AED9F04-0508-4817-9529-2BBDA93C2CD7}.Debug|x86.ActiveCfg = Debug|Any CPU
		{0AED9F04-0508-4817-9529-2BBDA93C2CD7}.Release|Any CPU.ActiveCfg = Release|Any CPU
		{0AED9F04-0508-4817-9529-2BBDA93C2CD7}.Release|Any CPU.Build.0 = Release|Any CPU
		{0AED9F04-0508-4817-9529-2BBDA93C2CD7}.Release|Mixed Platforms.ActiveCfg = Release|Any CPU
		{0AED9F04-0508-4817-9529-2BBDA93C2CD7}.Release|Mixed Platforms.Build.0 = Release|Any CPU
		{0AED9F04-0508-4817-9529-2BBDA93C2CD7}.Release|x86.ActiveCfg = Release|Any CPU
		{40167278-2A00-468C-BBF8-FE67ECCD376A}.Debug|Any CPU.ActiveCfg = Debug|x86
		{40167278-2A00-468C-BBF8-FE67ECCD376A}.Debug|Mixed Platforms.ActiveCfg = Debug|x86
		{40167278-2A00-468C-BBF8-FE67ECCD376A}.Debug|Mixed Platforms.Build.0 = Debug|x86
		{40167278-2A00-468C-BBF8-FE67ECCD376A}.Debug|x86.ActiveCfg = Debug|x86
		{40167278-2A00-468C-BBF8-FE67ECCD376A}.Debug|x86.Build.0 = Debug|x86
		{40167278-2A00-468C-BBF8-FE67ECCD376A}.Release|Any CPU.ActiveCfg = Release|x86
		{40167278-2A00-468C-BBF8-FE67ECCD376A}.Release|Mixed Platforms.ActiveCfg = Release|x86
		{40167278-2A00-468C-BBF8-FE67ECCD376A}.Release|Mixed Platforms.Build.0 = Release|x86
		{40167278-2A00-468C-BBF8-FE67ECCD376A}.Release|x86.ActiveCfg = Release|x86
		{40167278-2A00-468C-BBF8-FE67ECCD376A}.Release|x86.Build.0 = Release|x86
	EndGlobalSection
	GlobalSection(SolutionProperties) = preSolution
		HideSolutionNode = FALSE
	EndGlobalSection
EndGlobal
