
Microsoft Visual Studio Solution File, Format Version 11.00
# Visual Studio 2010
Project("{54435603-DBB4-11D2-8724-00A0C9A8B90C}") = "ATMApplication", "ATMApplication.vdproj", "{79DDEDEE-82DF-471D-A517-F0F04473761B}"
EndProject
Global
	GlobalSection(SolutionConfigurationPlatforms) = preSolution
		Debug|Default = Debug|Default
		Release|Default = Release|Default
	EndGlobalSection
	GlobalSection(ProjectConfigurationPlatforms) = postSolution
		{79DDEDEE-82DF-471D-A517-F0F04473761B}.Debug|Default.ActiveCfg = Debug
		{79DDEDEE-82DF-471D-A517-F0F04473761B}.Debug|Default.Build.0 = Debug
		{79DDEDEE-82DF-471D-A517-F0F04473761B}.Release|Default.ActiveCfg = Release
		{79DDEDEE-82DF-471D-A517-F0F04473761B}.Release|Default.Build.0 = Release
	EndGlobalSection
	GlobalSection(SolutionProperties) = preSolution
		HideSolutionNode = FALSE
	EndGlobalSection
EndGlobal
